
Microsoft Visual Studio Solution File, Format Version 12.00
# Visual Studio Version 16
VisualStudioVersion = 16.0.29326.143
MinimumVisualStudioVersion = 10.0.40219.1
Project("{FAE04EC0-301F-11D3-BF4B-00C04F79EFBC}") = "CustomPropertyDemo", "CustomPropertyDemo\CustomPropertyDemo.csproj", "{BACA23EF-774C-4C92-9671-D601338DAEA5}"
EndProject
Global
	GlobalSection(SolutionConfigurationPlatforms) = preSolution
		Debug|Any CPU = Debug|Any CPU
		Release|Any CPU = Release|Any CPU
	EndGlobalSection
	GlobalSection(ProjectConfigurationPlatforms) = postSolution
		{BACA23EF-774C-4C92-9671-D601338DAEA5}.Debug|Any CPU.ActiveCfg = Debug|Any CPU
		{BACA23EF-774C-4C92-9671-D601338DAEA5}.Debug|Any CPU.Build.0 = Debug|Any CPU
		{BACA23EF-774C-4C92-9671-D601338DAEA5}.Release|Any CPU.ActiveCfg = Release|Any CPU
		{BACA23EF-774C-4C92-9671-D601338DAEA5}.Release|Any CPU.Build.0 = Release|Any CPU
	EndGlobalSection
	GlobalSection(SolutionProperties) = preSolution
		HideSolutionNode = FALSE
	EndGlobalSection
	GlobalSection(ExtensibilityGlobals) = postSolution
		SolutionGuid = {50804147-5EA2-4C39-BD5B-298DD8D1F4D2}
	EndGlobalSection
EndGlobal
